<?xml version="1.0" encoding="utf-8"?>
<Project ToolsVersion="4.0" xmlns="http://schemas.microsoft.com/developer/msbuild/2003">
  <ItemGroup>
    <Filter Include="Source Files">
      <UniqueIdentifier>{a41615e1-cc32-4c49-bf8b-6d1598a74264}</UniqueIdentifier>
      <Extensions>cpp;c;cxx;rc;def;r;odl;idl;hpj;bat</Extensions>
    </Filter>
    <Filter Include="Header Files">
      <UniqueIdentifier>{008e738d-a7af-4f45-a52b-092dc5dc3273}</UniqueIdentifier>
      <Extensions>h;hpp;hxx;hm;inl</Extensions>
    </Filter>
    <Filter Include="Resource Files">
      <UniqueIdentifier>{f293415f-345b-4c4b-83bd-9e71963986a5}</UniqueIdentifier>
      <Extensions>ico;cur;bmp;dlg;rc2;rct;bin;rgs;gif;jpg;jpeg;jpe</Extensions>
    </Filter>
  </ItemGroup>
  <ItemGroup>
    <ClCompile Include="PluginRegistration.cpp">
      <Filter>Source Files</Filter>
    </ClCompile>
    <ClCompile Include="FilterProcessor.cpp">
      <Filter>Source Files</Filter>
    </ClCompile>
    <ClCompile Include="FilterPlugin.cpp">
      <Filter>Source Files</Filter>
    </ClCompile>
    <ClCompile Include="BaseProcessor.cpp">
      <Filter>Source Files</Filter>
    </ClCompile>
    <ClCompile Include="BasePlugin.cpp">
      <Filter>Source Files</Filter>
    </ClCompile>
  </ItemGroup>
  <ItemGroup>
    <ClInclude Include="utils.h">
      <Filter>Header Files</Filter>
    </ClInclude>
    <ClInclude Include="ManagedPluginFactory.h">
      <Filter>Header Files</Filter>
    </ClInclude>
    <ClInclude Include="FilterProcessor.h">
      <Filter>Header Files</Filter>
    </ClInclude>
    <ClInclude Include="FilterPlugin.h">
      <Filter>Header Files</Filter>
    </ClInclude>
    <ClInclude Include="BaseProcessor.h">
      <Filter>Header Files</Filter>
    </ClInclude>
    <ClInclude Include="BasePlugin.h">
      <Filter>Header Files</Filter>
    </ClInclude>
    <ClInclude Include="ManagedPluginFactory.cpp">
      <Filter>Source Files</Filter>
    </ClInclude>
  </ItemGroup>
</Project>